
Microsoft Visual Studio Solution File, Format Version 12.00
# Visual Studio Version 16
VisualStudioVersion = 16.0.29709.97
MinimumVisualStudioVersion = 10.0.40219.1
Project("{2150E333-8FDC-42A3-9474-1A3956D46DE8}") = "src", "src", "{299FA2FB-6403-4AF5-ABC8-04E7F9EBA4DB}"
EndProject
Project("{2150E333-8FDC-42A3-9474-1A3956D46DE8}") = "test", "test", "{11364889-3666-4E2F-BCDD-583FDBEA8DC8}"
EndProject
Project("{2150E333-8FDC-42A3-9474-1A3956D46DE8}") = "samples", "samples", "{D309F82B-8776-4BDB-A2F0-D6D20E6C67A5}"
EndProject
Project("{2150E333-8FDC-42A3-9474-1A3956D46DE8}") = "docs", "docs", "{EF662245-1302-42FB-A481-9A8E2E7BC4DA}"
	ProjectSection(SolutionItems) = preProject
		LICENSE = LICENSE
		README.md = README.md
		README_Zh-cn.md = README_Zh-cn.md
	EndProjectSection
EndProject
Project("{9A19103F-16F7-4668-BE54-9A1E7A4F7556}") = "Example", "samples\Example\Example.csproj", "{4193C277-166D-43A7-AD87-DD96C1F86D58}"
EndProject
Project("{9A19103F-16F7-4668-BE54-9A1E7A4F7556}") = "TomatoLog.Common", "src\TomatoLog.Common\TomatoLog.Common.csproj", "{C21E96DA-BC42-4DEF-A2B9-AFDA98F0A207}"
EndProject
Project("{2150E333-8FDC-42A3-9474-1A3956D46DE8}") = "clients", "clients", "{429764D8-8D21-45EB-A13D-71A580D8BF1C}"
EndProject
Project("{2150E333-8FDC-42A3-9474-1A3956D46DE8}") = "plugins", "plugins", "{354CF735-FC8A-4F97-9962-B071184176F1}"
EndProject
Project("{9A19103F-16F7-4668-BE54-9A1E7A4F7556}") = "TomatoLog.ToMongoDB", "src\plugins\TomatoLog.ToMongoDB\TomatoLog.ToMongoDB.csproj", "{5EF304C4-A7A2-4A79-93A8-0EE5720F5CDB}"
EndProject
Project("{9A19103F-16F7-4668-BE54-9A1E7A4F7556}") = "TomatoLog.ToFile", "src\plugins\TomatoLog.ToFile\TomatoLog.ToFile.csproj", "{1FD81336-4CA9-45CA-946D-CBA5150D8DEE}"
EndProject
Project("{9A19103F-16F7-4668-BE54-9A1E7A4F7556}") = "TomatoLog.ToES", "src\plugins\TomatoLog.ToES\TomatoLog.ToES.csproj", "{00A1D4AC-E14B-4B63-A007-C7F56F71E21A}"
EndProject
Project("{9A19103F-16F7-4668-BE54-9A1E7A4F7556}") = "TomatoLog.Client", "src\clients\TomatoLog.Client\TomatoLog.Client.csproj", "{0CEF284F-85AD-4191-A2A0-557979AC3471}"
EndProject
Project("{9A19103F-16F7-4668-BE54-9A1E7A4F7556}") = "TomatoLog.Client.RabbitMQ", "src\clients\TomatoLog.Client.RabbitMQ\TomatoLog.Client.RabbitMQ.csproj", "{69855C00-92E1-4F49-AE03-DEAE722A9333}"
EndProject
Project("{9A19103F-16F7-4668-BE54-9A1E7A4F7556}") = "TomatoLog.Client.Redis", "src\clients\TomatoLog.Client.Redis\TomatoLog.Client.Redis.csproj", "{F7EE0F0D-5F9A-4808-8DFA-4FA3666D55FC}"
EndProject
Project("{2150E333-8FDC-42A3-9474-1A3956D46DE8}") = "clients", "clients", "{A6BBD0C7-C5A8-4D2C-AD06-2CF6CAFB5817}"
EndProject
Project("{9A19103F-16F7-4668-BE54-9A1E7A4F7556}") = "TomatoLog.ClientRabbitMQ.XUnitTest", "test\clients\TomatoLog.ClientRabbitMQ.XUnitTest\TomatoLog.ClientRabbitMQ.XUnitTest.csproj", "{C0115A4C-18F1-486B-BC4C-E2BEC146EEEF}"
EndProject
Project("{9A19103F-16F7-4668-BE54-9A1E7A4F7556}") = "TomatoLog.ClientRedis.XUnitTest", "test\clients\TomatoLog.ClientRedis.XUnitTest\TomatoLog.ClientRedis.XUnitTest.csproj", "{E7AB36F2-8466-426E-A5E8-7347A7E122A0}"
EndProject
Project("{2150E333-8FDC-42A3-9474-1A3956D46DE8}") = "plugins", "plugins", "{00E8288E-183B-4091-95C6-4CB89AEDEB3A}"
EndProject
Project("{9A19103F-16F7-4668-BE54-9A1E7A4F7556}") = "TomatoLog.ToES.XUnitTest", "test\plugins\TomatoLog.ToES.XUnitTest\TomatoLog.ToES.XUnitTest.csproj", "{AE6418C7-F279-42E6-9F6F-67DBF5E76ACC}"
EndProject
Project("{9A19103F-16F7-4668-BE54-9A1E7A4F7556}") = "TomatoLog.ToFile.XUnitTest", "test\plugins\TomatoLog.ToFile.XUnitTest\TomatoLog.ToFile.XUnitTest.csproj", "{D427737A-9C9D-4C3F-A39E-A8592843F0F5}"
EndProject
Project("{9A19103F-16F7-4668-BE54-9A1E7A4F7556}") = "TomatoLog.ToMongoDB.XUnitTest", "test\plugins\TomatoLog.ToMongoDB.XUnitTest\TomatoLog.ToMongoDB.XUnitTest.csproj", "{8C4412F5-920F-459C-AF86-0763FFCBD410}"
EndProject
Project("{9A19103F-16F7-4668-BE54-9A1E7A4F7556}") = "TomatoLog.Client.Kafka", "src\clients\TomatoLog.Client.Kafka\TomatoLog.Client.Kafka.csproj", "{F05B796C-672E-4D9F-8E2E-95E457138334}"
EndProject
Project("{9A19103F-16F7-4668-BE54-9A1E7A4F7556}") = "TomatoLog.Client.Kafka.XUnitTest", "test\clients\TomatoLog.Client.Kafka.XUnitTest\TomatoLog.Client.Kafka.XUnitTest.csproj", "{76007F20-1E3E-4628-8E42-C54440924EAB}"
EndProject
Project("{FAE04EC0-301F-11D3-BF4B-00C04F79EFBC}") = "TomatoLog.Server", "src\TomatoLog.Server\TomatoLog.Server.csproj", "{152249F0-90C4-4E4A-9850-9804A1DF6E8D}"
EndProject
Global
	GlobalSection(SolutionConfigurationPlatforms) = preSolution
		Debug|Any CPU = Debug|Any CPU
		Release|Any CPU = Release|Any CPU
	EndGlobalSection
	GlobalSection(ProjectConfigurationPlatforms) = postSolution
		{4193C277-166D-43A7-AD87-DD96C1F86D58}.Debug|Any CPU.ActiveCfg = Debug|Any CPU
		{4193C277-166D-43A7-AD87-DD96C1F86D58}.Debug|Any CPU.Build.0 = Debug|Any CPU
		{4193C277-166D-43A7-AD87-DD96C1F86D58}.Release|Any CPU.ActiveCfg = Release|Any CPU
		{4193C277-166D-43A7-AD87-DD96C1F86D58}.Release|Any CPU.Build.0 = Release|Any CPU
		{C21E96DA-BC42-4DEF-A2B9-AFDA98F0A207}.Debug|Any CPU.ActiveCfg = Debug|Any CPU
		{C21E96DA-BC42-4DEF-A2B9-AFDA98F0A207}.Debug|Any CPU.Build.0 = Debug|Any CPU
		{C21E96DA-BC42-4DEF-A2B9-AFDA98F0A207}.Release|Any CPU.ActiveCfg = Release|Any CPU
		{C21E96DA-BC42-4DEF-A2B9-AFDA98F0A207}.Release|Any CPU.Build.0 = Release|Any CPU
		{5EF304C4-A7A2-4A79-93A8-0EE5720F5CDB}.Debug|Any CPU.ActiveCfg = Debug|Any CPU
		{5EF304C4-A7A2-4A79-93A8-0EE5720F5CDB}.Debug|Any CPU.Build.0 = Debug|Any CPU
		{5EF304C4-A7A2-4A79-93A8-0EE5720F5CDB}.Release|Any CPU.ActiveCfg = Release|Any CPU
		{5EF304C4-A7A2-4A79-93A8-0EE5720F5CDB}.Release|Any CPU.Build.0 = Release|Any CPU
		{1FD81336-4CA9-45CA-946D-CBA5150D8DEE}.Debug|Any CPU.ActiveCfg = Debug|Any CPU
		{1FD81336-4CA9-45CA-946D-CBA5150D8DEE}.Debug|Any CPU.Build.0 = Debug|Any CPU
		{1FD81336-4CA9-45CA-946D-CBA5150D8DEE}.Release|Any CPU.ActiveCfg = Release|Any CPU
		{1FD81336-4CA9-45CA-946D-CBA5150D8DEE}.Release|Any CPU.Build.0 = Release|Any CPU
		{00A1D4AC-E14B-4B63-A007-C7F56F71E21A}.Debug|Any CPU.ActiveCfg = Debug|Any CPU
		{00A1D4AC-E14B-4B63-A007-C7F56F71E21A}.Debug|Any CPU.Build.0 = Debug|Any CPU
		{00A1D4AC-E14B-4B63-A007-C7F56F71E21A}.Release|Any CPU.ActiveCfg = Release|Any CPU
		{00A1D4AC-E14B-4B63-A007-C7F56F71E21A}.Release|Any CPU.Build.0 = Release|Any CPU
		{0CEF284F-85AD-4191-A2A0-557979AC3471}.Debug|Any CPU.ActiveCfg = Debug|Any CPU
		{0CEF284F-85AD-4191-A2A0-557979AC3471}.Debug|Any CPU.Build.0 = Debug|Any CPU
		{0CEF284F-85AD-4191-A2A0-557979AC3471}.Release|Any CPU.ActiveCfg = Release|Any CPU
		{0CEF284F-85AD-4191-A2A0-557979AC3471}.Release|Any CPU.Build.0 = Release|Any CPU
		{69855C00-92E1-4F49-AE03-DEAE722A9333}.Debug|Any CPU.ActiveCfg = Debug|Any CPU
		{69855C00-92E1-4F49-AE03-DEAE722A9333}.Debug|Any CPU.Build.0 = Debug|Any CPU
		{69855C00-92E1-4F49-AE03-DEAE722A9333}.Release|Any CPU.ActiveCfg = Release|Any CPU
		{69855C00-92E1-4F49-AE03-DEAE722A9333}.Release|Any CPU.Build.0 = Release|Any CPU
		{F7EE0F0D-5F9A-4808-8DFA-4FA3666D55FC}.Debug|Any CPU.ActiveCfg = Debug|Any CPU
		{F7EE0F0D-5F9A-4808-8DFA-4FA3666D55FC}.Debug|Any CPU.Build.0 = Debug|Any CPU
		{F7EE0F0D-5F9A-4808-8DFA-4FA3666D55FC}.Release|Any CPU.ActiveCfg = Release|Any CPU
		{F7EE0F0D-5F9A-4808-8DFA-4FA3666D55FC}.Release|Any CPU.Build.0 = Release|Any CPU
		{C0115A4C-18F1-486B-BC4C-E2BEC146EEEF}.Debug|Any CPU.ActiveCfg = Debug|Any CPU
		{C0115A4C-18F1-486B-BC4C-E2BEC146EEEF}.Debug|Any CPU.Build.0 = Debug|Any CPU
		{C0115A4C-18F1-486B-BC4C-E2BEC146EEEF}.Release|Any CPU.ActiveCfg = Release|Any CPU
		{C0115A4C-18F1-486B-BC4C-E2BEC146EEEF}.Release|Any CPU.Build.0 = Release|Any CPU
		{E7AB36F2-8466-426E-A5E8-7347A7E122A0}.Debug|Any CPU.ActiveCfg = Debug|Any CPU
		{E7AB36F2-8466-426E-A5E8-7347A7E122A0}.Debug|Any CPU.Build.0 = Debug|Any CPU
		{E7AB36F2-8466-426E-A5E8-7347A7E122A0}.Release|Any CPU.ActiveCfg = Release|Any CPU
		{E7AB36F2-8466-426E-A5E8-7347A7E122A0}.Release|Any CPU.Build.0 = Release|Any CPU
		{AE6418C7-F279-42E6-9F6F-67DBF5E76ACC}.Debug|Any CPU.ActiveCfg = Debug|Any CPU
		{AE6418C7-F279-42E6-9F6F-67DBF5E76ACC}.Debug|Any CPU.Build.0 = Debug|Any CPU
		{AE6418C7-F279-42E6-9F6F-67DBF5E76ACC}.Release|Any CPU.ActiveCfg = Release|Any CPU
		{AE6418C7-F279-42E6-9F6F-67DBF5E76ACC}.Release|Any CPU.Build.0 = Release|Any CPU
		{D427737A-9C9D-4C3F-A39E-A8592843F0F5}.Debug|Any CPU.ActiveCfg = Debug|Any CPU
		{D427737A-9C9D-4C3F-A39E-A8592843F0F5}.Debug|Any CPU.Build.0 = Debug|Any CPU
		{D427737A-9C9D-4C3F-A39E-A8592843F0F5}.Release|Any CPU.ActiveCfg = Release|Any CPU
		{D427737A-9C9D-4C3F-A39E-A8592843F0F5}.Release|Any CPU.Build.0 = Release|Any CPU
		{8C4412F5-920F-459C-AF86-0763FFCBD410}.Debug|Any CPU.ActiveCfg = Debug|Any CPU
		{8C4412F5-920F-459C-AF86-0763FFCBD410}.Debug|Any CPU.Build.0 = Debug|Any CPU
		{8C4412F5-920F-459C-AF86-0763FFCBD410}.Release|Any CPU.ActiveCfg = Release|Any CPU
		{8C4412F5-920F-459C-AF86-0763FFCBD410}.Release|Any CPU.Build.0 = Release|Any CPU
		{F05B796C-672E-4D9F-8E2E-95E457138334}.Debug|Any CPU.ActiveCfg = Debug|Any CPU
		{F05B796C-672E-4D9F-8E2E-95E457138334}.Debug|Any CPU.Build.0 = Debug|Any CPU
		{F05B796C-672E-4D9F-8E2E-95E457138334}.Release|Any CPU.ActiveCfg = Release|Any CPU
		{F05B796C-672E-4D9F-8E2E-95E457138334}.Release|Any CPU.Build.0 = Release|Any CPU
		{76007F20-1E3E-4628-8E42-C54440924EAB}.Debug|Any CPU.ActiveCfg = Debug|Any CPU
		{76007F20-1E3E-4628-8E42-C54440924EAB}.Debug|Any CPU.Build.0 = Debug|Any CPU
		{76007F20-1E3E-4628-8E42-C54440924EAB}.Release|Any CPU.ActiveCfg = Release|Any CPU
		{76007F20-1E3E-4628-8E42-C54440924EAB}.Release|Any CPU.Build.0 = Release|Any CPU
		{152249F0-90C4-4E4A-9850-9804A1DF6E8D}.Debug|Any CPU.ActiveCfg = Debug|Any CPU
		{152249F0-90C4-4E4A-9850-9804A1DF6E8D}.Debug|Any CPU.Build.0 = Debug|Any CPU
		{152249F0-90C4-4E4A-9850-9804A1DF6E8D}.Release|Any CPU.ActiveCfg = Release|Any CPU
		{152249F0-90C4-4E4A-9850-9804A1DF6E8D}.Release|Any CPU.Build.0 = Release|Any CPU
	EndGlobalSection
	GlobalSection(SolutionProperties) = preSolution
		HideSolutionNode = FALSE
	EndGlobalSection
	GlobalSection(NestedProjects) = preSolution
		{4193C277-166D-43A7-AD87-DD96C1F86D58} = {D309F82B-8776-4BDB-A2F0-D6D20E6C67A5}
		{C21E96DA-BC42-4DEF-A2B9-AFDA98F0A207} = {299FA2FB-6403-4AF5-ABC8-04E7F9EBA4DB}
		{429764D8-8D21-45EB-A13D-71A580D8BF1C} = {299FA2FB-6403-4AF5-ABC8-04E7F9EBA4DB}
		{354CF735-FC8A-4F97-9962-B071184176F1} = {299FA2FB-6403-4AF5-ABC8-04E7F9EBA4DB}
		{5EF304C4-A7A2-4A79-93A8-0EE5720F5CDB} = {354CF735-FC8A-4F97-9962-B071184176F1}
		{1FD81336-4CA9-45CA-946D-CBA5150D8DEE} = {354CF735-FC8A-4F97-9962-B071184176F1}
		{00A1D4AC-E14B-4B63-A007-C7F56F71E21A} = {354CF735-FC8A-4F97-9962-B071184176F1}
		{0CEF284F-85AD-4191-A2A0-557979AC3471} = {429764D8-8D21-45EB-A13D-71A580D8BF1C}
		{69855C00-92E1-4F49-AE03-DEAE722A9333} = {429764D8-8D21-45EB-A13D-71A580D8BF1C}
		{F7EE0F0D-5F9A-4808-8DFA-4FA3666D55FC} = {429764D8-8D21-45EB-A13D-71A580D8BF1C}
		{A6BBD0C7-C5A8-4D2C-AD06-2CF6CAFB5817} = {11364889-3666-4E2F-BCDD-583FDBEA8DC8}
		{C0115A4C-18F1-486B-BC4C-E2BEC146EEEF} = {A6BBD0C7-C5A8-4D2C-AD06-2CF6CAFB5817}
		{E7AB36F2-8466-426E-A5E8-7347A7E122A0} = {A6BBD0C7-C5A8-4D2C-AD06-2CF6CAFB5817}
		{00E8288E-183B-4091-95C6-4CB89AEDEB3A} = {11364889-3666-4E2F-BCDD-583FDBEA8DC8}
		{AE6418C7-F279-42E6-9F6F-67DBF5E76ACC} = {00E8288E-183B-4091-95C6-4CB89AEDEB3A}
		{D427737A-9C9D-4C3F-A39E-A8592843F0F5} = {00E8288E-183B-4091-95C6-4CB89AEDEB3A}
		{8C4412F5-920F-459C-AF86-0763FFCBD410} = {00E8288E-183B-4091-95C6-4CB89AEDEB3A}
		{F05B796C-672E-4D9F-8E2E-95E457138334} = {429764D8-8D21-45EB-A13D-71A580D8BF1C}
		{76007F20-1E3E-4628-8E42-C54440924EAB} = {A6BBD0C7-C5A8-4D2C-AD06-2CF6CAFB5817}
		{152249F0-90C4-4E4A-9850-9804A1DF6E8D} = {299FA2FB-6403-4AF5-ABC8-04E7F9EBA4DB}
	EndGlobalSection
	GlobalSection(ExtensibilityGlobals) = postSolution
		SolutionGuid = {4D09D4E2-2C4A-4568-A894-61269497475C}
	EndGlobalSection
EndGlobal
