
Microsoft Visual Studio Solution File, Format Version 12.00
# Visual Studio 15
VisualStudioVersion = 15.0.28307.329
MinimumVisualStudioVersion = 10.0.40219.1
Project("{2150E333-8FDC-42A3-9474-1A3956D46DE8}") = "src", "src", "{299FA2FB-6403-4AF5-ABC8-04E7F9EBA4DB}"
EndProject
Project("{2150E333-8FDC-42A3-9474-1A3956D46DE8}") = "xUnit", "xUnit", "{11364889-3666-4E2F-BCDD-583FDBEA8DC8}"
EndProject
Project("{9A19103F-16F7-4668-BE54-9A1E7A4F7556}") = "TomatoLog.Common", "TomatoLog.Common\TomatoLog.Common.csproj", "{6A308E01-A588-47E9-8D07-6D694EA04D13}"
EndProject
Project("{9A19103F-16F7-4668-BE54-9A1E7A4F7556}") = "TomatoLog.Client", "TomatoLog.Client\TomatoLog.Client.csproj", "{0192E1E7-0868-412E-A909-C8B5ABC7705E}"
EndProject
Project("{9A19103F-16F7-4668-BE54-9A1E7A4F7556}") = "TomatoLog.Server", "TomatoLog.Server\TomatoLog.Server.csproj", "{E278201B-6FFA-41EE-86AE-DCA2B2F5FD3B}"
EndProject
Project("{9A19103F-16F7-4668-BE54-9A1E7A4F7556}") = "TomatoLog.Server.XUnitTest", "TomatoLog.Server.XUnitTest\TomatoLog.Server.XUnitTest.csproj", "{0C2552E3-8E5D-4305-9B67-8D3A1CAAE252}"
EndProject
Project("{9A19103F-16F7-4668-BE54-9A1E7A4F7556}") = "TomatoLog.ClientRedis.XUnitTest", "TomatoLog.ClientRedis.XUnitTest\TomatoLog.ClientRedis.XUnitTest.csproj", "{03BB7BFD-E528-44D0-9D22-7DAB5E659BC9}"
EndProject
Project("{9A19103F-16F7-4668-BE54-9A1E7A4F7556}") = "TomatoLog.Client.Redis", "TomatoLog.Client.Redis\TomatoLog.Client.Redis.csproj", "{735B28B5-47BA-43AC-A40B-AD11E65DE764}"
EndProject
Project("{2150E333-8FDC-42A3-9474-1A3956D46DE8}") = "Solution Items", "Solution Items", "{C459C3DD-9FA4-4F02-B598-E7DF22CCCBE9}"
EndProject
Project("{9A19103F-16F7-4668-BE54-9A1E7A4F7556}") = "TomatoLog.ToES", "TomatoLog.ToES\TomatoLog.ToES.csproj", "{7888B9CF-29AB-459F-89DA-E8414718CCBC}"
EndProject
Project("{9A19103F-16F7-4668-BE54-9A1E7A4F7556}") = "TomatoLog.ToFile", "TomatoLog.ToFile\TomatoLog.ToFile.csproj", "{868A6DE0-A2CF-444A-B115-47FF368A0A16}"
EndProject
Project("{9A19103F-16F7-4668-BE54-9A1E7A4F7556}") = "TomatoLog.ToMongoDB", "TomatoLog.ToMongoDB\TomatoLog.ToMongoDB.csproj", "{1522EFD2-644B-43B1-B431-AECF153185EE}"
EndProject
Project("{9A19103F-16F7-4668-BE54-9A1E7A4F7556}") = "TomatoLog.ToMongoDB.XUnitTest", "TomatoLog.ToMongoDB.XUnitTest\TomatoLog.ToMongoDB.XUnitTest.csproj", "{12501778-7FBB-497B-9408-6EF3AC0FCF4A}"
EndProject
Project("{9A19103F-16F7-4668-BE54-9A1E7A4F7556}") = "TomatoLog.ToFile.XUnitTest", "TomatoLog.ToFile.XUnitTest\TomatoLog.ToFile.XUnitTest.csproj", "{3F0AB157-402D-4957-B5F5-C56F6F6610DB}"
EndProject
Project("{9A19103F-16F7-4668-BE54-9A1E7A4F7556}") = "TomatoLog.ToES.XUnitTest", "TomatoLog.ToES.XUnitTest\TomatoLog.ToES.XUnitTest.csproj", "{9F71CFDB-F855-4A71-9369-D1A3A8371CC2}"
EndProject
Project("{9A19103F-16F7-4668-BE54-9A1E7A4F7556}") = "TomatoLog.Client.RabbitMQ", "TomatoLog.Client.RabbitMQ\TomatoLog.Client.RabbitMQ.csproj", "{98A7B2EC-55C4-4971-8BD9-C525D7F1A8AE}"
EndProject
Project("{9A19103F-16F7-4668-BE54-9A1E7A4F7556}") = "TomatoLog.ClientRabbitMQ.XUnitTest", "TomatoLog.ClientRabbitMQ.XUnitTest\TomatoLog.ClientRabbitMQ.XUnitTest.csproj", "{D12D53BF-9026-4BEF-9B59-0185E8B6A78B}"
EndProject
Global
	GlobalSection(SolutionConfigurationPlatforms) = preSolution
		Debug|Any CPU = Debug|Any CPU
		Release|Any CPU = Release|Any CPU
	EndGlobalSection
	GlobalSection(ProjectConfigurationPlatforms) = postSolution
		{6A308E01-A588-47E9-8D07-6D694EA04D13}.Debug|Any CPU.ActiveCfg = Debug|Any CPU
		{6A308E01-A588-47E9-8D07-6D694EA04D13}.Debug|Any CPU.Build.0 = Debug|Any CPU
		{6A308E01-A588-47E9-8D07-6D694EA04D13}.Release|Any CPU.ActiveCfg = Release|Any CPU
		{6A308E01-A588-47E9-8D07-6D694EA04D13}.Release|Any CPU.Build.0 = Release|Any CPU
		{0192E1E7-0868-412E-A909-C8B5ABC7705E}.Debug|Any CPU.ActiveCfg = Debug|Any CPU
		{0192E1E7-0868-412E-A909-C8B5ABC7705E}.Debug|Any CPU.Build.0 = Debug|Any CPU
		{0192E1E7-0868-412E-A909-C8B5ABC7705E}.Release|Any CPU.ActiveCfg = Release|Any CPU
		{0192E1E7-0868-412E-A909-C8B5ABC7705E}.Release|Any CPU.Build.0 = Release|Any CPU
		{E278201B-6FFA-41EE-86AE-DCA2B2F5FD3B}.Debug|Any CPU.ActiveCfg = Debug|Any CPU
		{E278201B-6FFA-41EE-86AE-DCA2B2F5FD3B}.Debug|Any CPU.Build.0 = Debug|Any CPU
		{E278201B-6FFA-41EE-86AE-DCA2B2F5FD3B}.Release|Any CPU.ActiveCfg = Release|Any CPU
		{E278201B-6FFA-41EE-86AE-DCA2B2F5FD3B}.Release|Any CPU.Build.0 = Release|Any CPU
		{0C2552E3-8E5D-4305-9B67-8D3A1CAAE252}.Debug|Any CPU.ActiveCfg = Debug|Any CPU
		{0C2552E3-8E5D-4305-9B67-8D3A1CAAE252}.Debug|Any CPU.Build.0 = Debug|Any CPU
		{0C2552E3-8E5D-4305-9B67-8D3A1CAAE252}.Release|Any CPU.ActiveCfg = Release|Any CPU
		{0C2552E3-8E5D-4305-9B67-8D3A1CAAE252}.Release|Any CPU.Build.0 = Release|Any CPU
		{03BB7BFD-E528-44D0-9D22-7DAB5E659BC9}.Debug|Any CPU.ActiveCfg = Debug|Any CPU
		{03BB7BFD-E528-44D0-9D22-7DAB5E659BC9}.Debug|Any CPU.Build.0 = Debug|Any CPU
		{03BB7BFD-E528-44D0-9D22-7DAB5E659BC9}.Release|Any CPU.ActiveCfg = Release|Any CPU
		{03BB7BFD-E528-44D0-9D22-7DAB5E659BC9}.Release|Any CPU.Build.0 = Release|Any CPU
		{735B28B5-47BA-43AC-A40B-AD11E65DE764}.Debug|Any CPU.ActiveCfg = Debug|Any CPU
		{735B28B5-47BA-43AC-A40B-AD11E65DE764}.Debug|Any CPU.Build.0 = Debug|Any CPU
		{735B28B5-47BA-43AC-A40B-AD11E65DE764}.Release|Any CPU.ActiveCfg = Release|Any CPU
		{735B28B5-47BA-43AC-A40B-AD11E65DE764}.Release|Any CPU.Build.0 = Release|Any CPU
		{7888B9CF-29AB-459F-89DA-E8414718CCBC}.Debug|Any CPU.ActiveCfg = Debug|Any CPU
		{7888B9CF-29AB-459F-89DA-E8414718CCBC}.Debug|Any CPU.Build.0 = Debug|Any CPU
		{7888B9CF-29AB-459F-89DA-E8414718CCBC}.Release|Any CPU.ActiveCfg = Release|Any CPU
		{7888B9CF-29AB-459F-89DA-E8414718CCBC}.Release|Any CPU.Build.0 = Release|Any CPU
		{868A6DE0-A2CF-444A-B115-47FF368A0A16}.Debug|Any CPU.ActiveCfg = Debug|Any CPU
		{868A6DE0-A2CF-444A-B115-47FF368A0A16}.Debug|Any CPU.Build.0 = Debug|Any CPU
		{868A6DE0-A2CF-444A-B115-47FF368A0A16}.Release|Any CPU.ActiveCfg = Release|Any CPU
		{868A6DE0-A2CF-444A-B115-47FF368A0A16}.Release|Any CPU.Build.0 = Release|Any CPU
		{1522EFD2-644B-43B1-B431-AECF153185EE}.Debug|Any CPU.ActiveCfg = Debug|Any CPU
		{1522EFD2-644B-43B1-B431-AECF153185EE}.Debug|Any CPU.Build.0 = Debug|Any CPU
		{1522EFD2-644B-43B1-B431-AECF153185EE}.Release|Any CPU.ActiveCfg = Release|Any CPU
		{1522EFD2-644B-43B1-B431-AECF153185EE}.Release|Any CPU.Build.0 = Release|Any CPU
		{12501778-7FBB-497B-9408-6EF3AC0FCF4A}.Debug|Any CPU.ActiveCfg = Debug|Any CPU
		{12501778-7FBB-497B-9408-6EF3AC0FCF4A}.Debug|Any CPU.Build.0 = Debug|Any CPU
		{12501778-7FBB-497B-9408-6EF3AC0FCF4A}.Release|Any CPU.ActiveCfg = Release|Any CPU
		{12501778-7FBB-497B-9408-6EF3AC0FCF4A}.Release|Any CPU.Build.0 = Release|Any CPU
		{3F0AB157-402D-4957-B5F5-C56F6F6610DB}.Debug|Any CPU.ActiveCfg = Debug|Any CPU
		{3F0AB157-402D-4957-B5F5-C56F6F6610DB}.Debug|Any CPU.Build.0 = Debug|Any CPU
		{3F0AB157-402D-4957-B5F5-C56F6F6610DB}.Release|Any CPU.ActiveCfg = Release|Any CPU
		{3F0AB157-402D-4957-B5F5-C56F6F6610DB}.Release|Any CPU.Build.0 = Release|Any CPU
		{9F71CFDB-F855-4A71-9369-D1A3A8371CC2}.Debug|Any CPU.ActiveCfg = Debug|Any CPU
		{9F71CFDB-F855-4A71-9369-D1A3A8371CC2}.Debug|Any CPU.Build.0 = Debug|Any CPU
		{9F71CFDB-F855-4A71-9369-D1A3A8371CC2}.Release|Any CPU.ActiveCfg = Release|Any CPU
		{9F71CFDB-F855-4A71-9369-D1A3A8371CC2}.Release|Any CPU.Build.0 = Release|Any CPU
		{98A7B2EC-55C4-4971-8BD9-C525D7F1A8AE}.Debug|Any CPU.ActiveCfg = Debug|Any CPU
		{98A7B2EC-55C4-4971-8BD9-C525D7F1A8AE}.Debug|Any CPU.Build.0 = Debug|Any CPU
		{98A7B2EC-55C4-4971-8BD9-C525D7F1A8AE}.Release|Any CPU.ActiveCfg = Release|Any CPU
		{98A7B2EC-55C4-4971-8BD9-C525D7F1A8AE}.Release|Any CPU.Build.0 = Release|Any CPU
		{D12D53BF-9026-4BEF-9B59-0185E8B6A78B}.Debug|Any CPU.ActiveCfg = Debug|Any CPU
		{D12D53BF-9026-4BEF-9B59-0185E8B6A78B}.Debug|Any CPU.Build.0 = Debug|Any CPU
		{D12D53BF-9026-4BEF-9B59-0185E8B6A78B}.Release|Any CPU.ActiveCfg = Release|Any CPU
		{D12D53BF-9026-4BEF-9B59-0185E8B6A78B}.Release|Any CPU.Build.0 = Release|Any CPU
	EndGlobalSection
	GlobalSection(SolutionProperties) = preSolution
		HideSolutionNode = FALSE
	EndGlobalSection
	GlobalSection(NestedProjects) = preSolution
		{6A308E01-A588-47E9-8D07-6D694EA04D13} = {299FA2FB-6403-4AF5-ABC8-04E7F9EBA4DB}
		{0192E1E7-0868-412E-A909-C8B5ABC7705E} = {299FA2FB-6403-4AF5-ABC8-04E7F9EBA4DB}
		{E278201B-6FFA-41EE-86AE-DCA2B2F5FD3B} = {299FA2FB-6403-4AF5-ABC8-04E7F9EBA4DB}
		{0C2552E3-8E5D-4305-9B67-8D3A1CAAE252} = {11364889-3666-4E2F-BCDD-583FDBEA8DC8}
		{03BB7BFD-E528-44D0-9D22-7DAB5E659BC9} = {11364889-3666-4E2F-BCDD-583FDBEA8DC8}
		{735B28B5-47BA-43AC-A40B-AD11E65DE764} = {299FA2FB-6403-4AF5-ABC8-04E7F9EBA4DB}
		{C459C3DD-9FA4-4F02-B598-E7DF22CCCBE9} = {299FA2FB-6403-4AF5-ABC8-04E7F9EBA4DB}
		{7888B9CF-29AB-459F-89DA-E8414718CCBC} = {299FA2FB-6403-4AF5-ABC8-04E7F9EBA4DB}
		{868A6DE0-A2CF-444A-B115-47FF368A0A16} = {299FA2FB-6403-4AF5-ABC8-04E7F9EBA4DB}
		{1522EFD2-644B-43B1-B431-AECF153185EE} = {299FA2FB-6403-4AF5-ABC8-04E7F9EBA4DB}
		{12501778-7FBB-497B-9408-6EF3AC0FCF4A} = {11364889-3666-4E2F-BCDD-583FDBEA8DC8}
		{3F0AB157-402D-4957-B5F5-C56F6F6610DB} = {11364889-3666-4E2F-BCDD-583FDBEA8DC8}
		{9F71CFDB-F855-4A71-9369-D1A3A8371CC2} = {11364889-3666-4E2F-BCDD-583FDBEA8DC8}
		{98A7B2EC-55C4-4971-8BD9-C525D7F1A8AE} = {299FA2FB-6403-4AF5-ABC8-04E7F9EBA4DB}
		{D12D53BF-9026-4BEF-9B59-0185E8B6A78B} = {11364889-3666-4E2F-BCDD-583FDBEA8DC8}
	EndGlobalSection
	GlobalSection(ExtensibilityGlobals) = postSolution
		SolutionGuid = {4D09D4E2-2C4A-4568-A894-61269497475C}
	EndGlobalSection
EndGlobal
